github.com/lcylpzls/errx v1.4.0 h1:CdlMZuf2F49PCyUkRROf11i1gHcAI38GTG+kxMAGQWI=
github.com/lcylpzls/errx v1.4.0/go.mod h1:+GcqVS4+6iuHvCELjwpsc1RKrdEtSNz00xq0lFrgdgI=
github.com/lcylpzls/testx v1.2.0 h1:MrIoo+Ips5md+CtlOYpmvyWJeNVrL+9d2FG56nroGq8=
github.com/lcylpzls/testx v1.2.0/go.mod h1:FZ7iJdhG1U2gaFvS/CfObIAR2QnG+2rY7S04dlDnKEY=
