github.com/lcylpzls/errx v1.5.4 h1:xEQRgYJEF7bArQqRe70yHDk+W17OcXSVo8g+knSGr70=
github.com/lcylpzls/errx v1.5.4/go.mod h1:Eo26wXcmV2hdMB1CJvhFc4zLZr4aNutlvakzwTzwncM=
github.com/lcylpzls/testx v1.4.2 h1:AMbPE4uEnFrK8Glra9P78FkHaqxYyQHim/cme3+vOlw=
github.com/lcylpzls/testx v1.4.2/go.mod h1:LtRgi54rpw6k5Pomw2iczOfGsRXBroKGml1VeiZUZbI=
